
Microsoft Visual Studio Solution File, Format Version 12.00
# Visual Studio Version 17
VisualStudioVersion = 17.0.31903.59
MinimumVisualStudioVersion = 10.0.40219.1
Project("{2150E333-8FDC-42A3-9474-1A3956D46DE8}") = "src", "src", "{827E0CD3-B72D-47B6-A68D-7590B98EB39B}"
EndProject
Project("{FAE04EC0-301F-11D3-BF4B-00C04F79EFBC}") = "TunnelHub.Server", "src\TunnelHub.Server\TunnelHub.Server.csproj", "{1A4F6526-D836-4BEB-9DA8-A35FDEE0D3CF}"
EndProject
Project("{FAE04EC0-301F-11D3-BF4B-00C04F79EFBC}") = "TunnelHub.Shared", "src\TunnelHub.Shared\TunnelHub.Shared.csproj", "{E7F31B9F-C1B2-4019-9030-5BCADB9958B9}"
EndProject
Project("{FAE04EC0-301F-11D3-BF4B-00C04F79EFBC}") = "TunnelHub.Client", "src\TunnelHub.Client\TunnelHub.Client.csproj", "{6B08442E-160F-473D-A6B9-C5F66D5AAF0D}"
EndProject
Project("{FAE04EC0-301F-11D3-BF4B-00C04F79EFBC}") = "TunnelHub.Tests", "tests\TunnelHub.Tests\TunnelHub.Tests.csproj", "{3D9C805F-45A5-405E-B7DF-0D81CF573CBE}"
EndProject
Global
	GlobalSection(SolutionConfigurationPlatforms) = preSolution
		Debug|Any CPU = Debug|Any CPU
		Debug|x64 = Debug|x64
		Debug|x86 = Debug|x86
		Release|Any CPU = Release|Any CPU
		Release|x64 = Release|x64
		Release|x86 = Release|x86
	EndGlobalSection
	GlobalSection(ProjectConfigurationPlatforms) = postSolution
		{1A4F6526-D836-4BEB-9DA8-A35FDEE0D3CF}.Debug|Any CPU.ActiveCfg = Debug|Any CPU
		{1A4F6526-D836-4BEB-9DA8-A35FDEE0D3CF}.Debug|Any CPU.Build.0 = Debug|Any CPU
		{1A4F6526-D836-4BEB-9DA8-A35FDEE0D3CF}.Debug|x64.ActiveCfg = Debug|Any CPU
		{1A4F6526-D836-4BEB-9DA8-A35FDEE0D3CF}.Debug|x64.Build.0 = Debug|Any CPU
		{1A4F6526-D836-4BEB-9DA8-A35FDEE0D3CF}.Debug|x86.ActiveCfg = Debug|Any CPU
		{1A4F6526-D836-4BEB-9DA8-A35FDEE0D3CF}.Debug|x86.Build.0 = Debug|Any CPU
		{1A4F6526-D836-4BEB-9DA8-A35FDEE0D3CF}.Release|Any CPU.ActiveCfg = Release|Any CPU
		{1A4F6526-D836-4BEB-9DA8-A35FDEE0D3CF}.Release|Any CPU.Build.0 = Release|Any CPU
		{1A4F6526-D836-4BEB-9DA8-A35FDEE0D3CF}.Release|x64.ActiveCfg = Release|Any CPU
		{1A4F6526-D836-4BEB-9DA8-A35FDEE0D3CF}.Release|x64.Build.0 = Release|Any CPU
		{1A4F6526-D836-4BEB-9DA8-A35FDEE0D3CF}.Release|x86.ActiveCfg = Release|Any CPU
		{1A4F6526-D836-4BEB-9DA8-A35FDEE0D3CF}.Release|x86.Build.0 = Release|Any CPU
		{E7F31B9F-C1B2-4019-9030-5BCADB9958B9}.Debug|Any CPU.ActiveCfg = Debug|Any CPU
		{E7F31B9F-C1B2-4019-9030-5BCADB9958B9}.Debug|Any CPU.Build.0 = Debug|Any CPU
		{E7F31B9F-C1B2-4019-9030-5BCADB9958B9}.Debug|x64.ActiveCfg = Debug|Any CPU
		{E7F31B9F-C1B2-4019-9030-5BCADB9958B9}.Debug|x64.Build.0 = Debug|Any CPU
		{E7F31B9F-C1B2-4019-9030-5BCADB9958B9}.Debug|x86.ActiveCfg = Debug|Any CPU
		{E7F31B9F-C1B2-4019-9030-5BCADB9958B9}.Debug|x86.Build.0 = Debug|Any CPU
		{E7F31B9F-C1B2-4019-9030-5BCADB9958B9}.Release|Any CPU.ActiveCfg = Release|Any CPU
		{E7F31B9F-C1B2-4019-9030-5BCADB9958B9}.Release|Any CPU.Build.0 = Release|Any CPU
		{E7F31B9F-C1B2-4019-9030-5BCADB9958B9}.Release|x64.ActiveCfg = Release|Any CPU
		{E7F31B9F-C1B2-4019-9030-5BCADB9958B9}.Release|x64.Build.0 = Release|Any CPU
		{E7F31B9F-C1B2-4019-9030-5BCADB9958B9}.Release|x86.ActiveCfg = Release|Any CPU
		{E7F31B9F-C1B2-4019-9030-5BCADB9958B9}.Release|x86.Build.0 = Release|Any CPU
		{6B08442E-160F-473D-A6B9-C5F66D5AAF0D}.Debug|Any CPU.ActiveCfg = Debug|Any CPU
		{6B08442E-160F-473D-A6B9-C5F66D5AAF0D}.Debug|Any CPU.Build.0 = Debug|Any CPU
		{6B08442E-160F-473D-A6B9-C5F66D5AAF0D}.Debug|x64.ActiveCfg = Debug|Any CPU
		{6B08442E-160F-473D-A6B9-C5F66D5AAF0D}.Debug|x64.Build.0 = Debug|Any CPU
		{6B08442E-160F-473D-A6B9-C5F66D5AAF0D}.Debug|x86.ActiveCfg = Debug|Any CPU
		{6B08442E-160F-473D-A6B9-C5F66D5AAF0D}.Debug|x86.Build.0 = Debug|Any CPU
		{6B08442E-160F-473D-A6B9-C5F66D5AAF0D}.Release|Any CPU.ActiveCfg = Release|Any CPU
		{6B08442E-160F-473D-A6B9-C5F66D5AAF0D}.Release|Any CPU.Build.0 = Release|Any CPU
		{6B08442E-160F-473D-A6B9-C5F66D5AAF0D}.Release|x64.ActiveCfg = Release|Any CPU
		{6B08442E-160F-473D-A6B9-C5F66D5AAF0D}.Release|x64.Build.0 = Release|Any CPU
		{6B08442E-160F-473D-A6B9-C5F66D5AAF0D}.Release|x86.ActiveCfg = Release|Any CPU
		{6B08442E-160F-473D-A6B9-C5F66D5AAF0D}.Release|x86.Build.0 = Release|Any CPU
		{3D9C805F-45A5-405E-B7DF-0D81CF573CBE}.Debug|Any CPU.ActiveCfg = Debug|Any CPU
		{3D9C805F-45A5-405E-B7DF-0D81CF573CBE}.Debug|Any CPU.Build.0 = Debug|Any CPU
		{3D9C805F-45A5-405E-B7DF-0D81CF573CBE}.Debug|x64.ActiveCfg = Debug|Any CPU
		{3D9C805F-45A5-405E-B7DF-0D81CF573CBE}.Debug|x64.Build.0 = Debug|Any CPU
		{3D9C805F-45A5-405E-B7DF-0D81CF573CBE}.Debug|x86.ActiveCfg = Debug|Any CPU
		{3D9C805F-45A5-405E-B7DF-0D81CF573CBE}.Debug|x86.Build.0 = Debug|Any CPU
		{3D9C805F-45A5-405E-B7DF-0D81CF573CBE}.Release|Any CPU.ActiveCfg = Release|Any CPU
		{3D9C805F-45A5-405E-B7DF-0D81CF573CBE}.Release|Any CPU.Build.0 = Release|Any CPU
		{3D9C805F-45A5-405E-B7DF-0D81CF573CBE}.Release|x64.ActiveCfg = Release|Any CPU
		{3D9C805F-45A5-405E-B7DF-0D81CF573CBE}.Release|x64.Build.0 = Release|Any CPU
		{3D9C805F-45A5-405E-B7DF-0D81CF573CBE}.Release|x86.ActiveCfg = Release|Any CPU
		{3D9C805F-45A5-405E-B7DF-0D81CF573CBE}.Release|x86.Build.0 = Release|Any CPU
	EndGlobalSection
	GlobalSection(SolutionProperties) = preSolution
		HideSolutionNode = FALSE
	EndGlobalSection
	GlobalSection(NestedProjects) = preSolution
		{1A4F6526-D836-4BEB-9DA8-A35FDEE0D3CF} = {827E0CD3-B72D-47B6-A68D-7590B98EB39B}
		{E7F31B9F-C1B2-4019-9030-5BCADB9958B9} = {827E0CD3-B72D-47B6-A68D-7590B98EB39B}
		{6B08442E-160F-473D-A6B9-C5F66D5AAF0D} = {827E0CD3-B72D-47B6-A68D-7590B98EB39B}
		{3D9C805F-45A5-405E-B7DF-0D81CF573CBE} = {827E0CD3-B72D-47B6-A68D-7590B98EB39B}
	EndGlobalSection
EndGlobal
